
Microsoft Visual Studio Solution File, Format Version 11.00
# Visual Studio 2010
Project("{FAE04EC0-301F-11D3-BF4B-00C04F79EFBC}") = "NaughtyAttributes.Test", "NaughtyAttributes.Test.csproj", "{cd748633-e09f-2c96-53eb-2d9d5539777e}"
EndProject
Project("{FAE04EC0-301F-11D3-BF4B-00C04F79EFBC}") = "NaughtyAttributes.Core", "NaughtyAttributes.Core.csproj", "{c1ed0c7f-25e3-810b-e1eb-dbdfcb544fe5}"
EndProject
Project("{FAE04EC0-301F-11D3-BF4B-00C04F79EFBC}") = "NaughtyAttributes.Editor", "NaughtyAttributes.Editor.csproj", "{33004292-6e79-6199-8590-9f93052b94b5}"
EndProject
Project("{FAE04EC0-301F-11D3-BF4B-00C04F79EFBC}") = "Assembly-CSharp", "Assembly-CSharp.csproj", "{6cda6605-057a-7e25-16bb-ab715043cdba}"
EndProject
Project("{FAE04EC0-301F-11D3-BF4B-00C04F79EFBC}") = "Assembly-CSharp-Editor", "Assembly-CSharp-Editor.csproj", "{db39649f-993b-4486-dbce-e949d38b74bc}"
EndProject
Global
	GlobalSection(SolutionConfigurationPlatforms) = preSolution
		Debug|Any CPU = Debug|Any CPU
	EndGlobalSection
	GlobalSection(ProjectConfigurationPlatforms) = postSolution
		{cd748633-e09f-2c96-53eb-2d9d5539777e}.Debug|Any CPU.ActiveCfg = Debug|Any CPU
		{cd748633-e09f-2c96-53eb-2d9d5539777e}.Debug|Any CPU.Build.0 = Debug|Any CPU
		{c1ed0c7f-25e3-810b-e1eb-dbdfcb544fe5}.Debug|Any CPU.ActiveCfg = Debug|Any CPU
		{c1ed0c7f-25e3-810b-e1eb-dbdfcb544fe5}.Debug|Any CPU.Build.0 = Debug|Any CPU
		{33004292-6e79-6199-8590-9f93052b94b5}.Debug|Any CPU.ActiveCfg = Debug|Any CPU
		{33004292-6e79-6199-8590-9f93052b94b5}.Debug|Any CPU.Build.0 = Debug|Any CPU
		{6cda6605-057a-7e25-16bb-ab715043cdba}.Debug|Any CPU.ActiveCfg = Debug|Any CPU
		{6cda6605-057a-7e25-16bb-ab715043cdba}.Debug|Any CPU.Build.0 = Debug|Any CPU
		{db39649f-993b-4486-dbce-e949d38b74bc}.Debug|Any CPU.ActiveCfg = Debug|Any CPU
		{db39649f-993b-4486-dbce-e949d38b74bc}.Debug|Any CPU.Build.0 = Debug|Any CPU
	EndGlobalSection
	GlobalSection(SolutionProperties) = preSolution
		HideSolutionNode = FALSE
	EndGlobalSection
EndGlobal
